
Microsoft Visual Studio Solution File, Format Version 12.00
# Visual Studio Version 17
VisualStudioVersion = 17.1.32228.430
MinimumVisualStudioVersion = 10.0.40219.1
Project("{FAE04EC0-301F-11D3-BF4B-00C04F79EFBC}") = "ConsoleApp1", "ConsoleApp1\ConsoleApp1.csproj", "{81BBCE3E-329E-4633-95EA-FD7C748A699D}"
EndProject
Project("{FAE04EC0-301F-11D3-BF4B-00C04F79EFBC}") = "ClassLibrary1", "ClassLibrary1\ClassLibrary1.csproj", "{5DFAC360-B7BC-4F33-8D17-1E51E9FCF447}"
EndProject
Global
	GlobalSection(SolutionConfigurationPlatforms) = preSolution
		Debug|Any CPU = Debug|Any CPU
		Release|Any CPU = Release|Any CPU
	EndGlobalSection
	GlobalSection(ProjectConfigurationPlatforms) = postSolution
		{81BBCE3E-329E-4633-95EA-FD7C748A699D}.Debug|Any CPU.ActiveCfg = Debug|Any CPU
		{81BBCE3E-329E-4633-95EA-FD7C748A699D}.Debug|Any CPU.Build.0 = Debug|Any CPU
		{81BBCE3E-329E-4633-95EA-FD7C748A699D}.Release|Any CPU.ActiveCfg = Release|Any CPU
		{81BBCE3E-329E-4633-95EA-FD7C748A699D}.Release|Any CPU.Build.0 = Release|Any CPU
		{5DFAC360-B7BC-4F33-8D17-1E51E9FCF447}.Debug|Any CPU.ActiveCfg = Debug|Any CPU
		{5DFAC360-B7BC-4F33-8D17-1E51E9FCF447}.Debug|Any CPU.Build.0 = Debug|Any CPU
		{5DFAC360-B7BC-4F33-8D17-1E51E9FCF447}.Release|Any CPU.ActiveCfg = Release|Any CPU
		{5DFAC360-B7BC-4F33-8D17-1E51E9FCF447}.Release|Any CPU.Build.0 = Release|Any CPU
	EndGlobalSection
	GlobalSection(SolutionProperties) = preSolution
		HideSolutionNode = FALSE
	EndGlobalSection
	GlobalSection(ExtensibilityGlobals) = postSolution
		SolutionGuid = {6A2E226D-71DC-4416-9002-04D819EB3E1C}
	EndGlobalSection
EndGlobal
